
Microsoft Visual Studio Solution File, Format Version 12.00
# Visual Studio Version 17
VisualStudioVersion = 17.9.34701.34
MinimumVisualStudioVersion = 10.0.40219.1
Project("{9A19103F-16F7-4668-BE54-9A1E7A4F7556}") = "Task_Management_server", "Task_Management_App\Task_Management_server.csproj", "{22C5B24E-066C-4F03-8031-C405E308DF50}"
EndProject
Global
	GlobalSection(SolutionConfigurationPlatforms) = preSolution
		Debug|Any CPU = Debug|Any CPU
		Release|Any CPU = Release|Any CPU
	EndGlobalSection
	GlobalSection(ProjectConfigurationPlatforms) = postSolution
		{22C5B24E-066C-4F03-8031-C405E308DF50}.Debug|Any CPU.ActiveCfg = Debug|Any CPU
		{22C5B24E-066C-4F03-8031-C405E308DF50}.Debug|Any CPU.Build.0 = Debug|Any CPU
		{22C5B24E-066C-4F03-8031-C405E308DF50}.Release|Any CPU.ActiveCfg = Release|Any CPU
		{22C5B24E-066C-4F03-8031-C405E308DF50}.Release|Any CPU.Build.0 = Release|Any CPU
	EndGlobalSection
	GlobalSection(SolutionProperties) = preSolution
		HideSolutionNode = FALSE
	EndGlobalSection
	GlobalSection(ExtensibilityGlobals) = postSolution
		SolutionGuid = {2D242C4B-C7A5-4E66-BC77-204ED5BC8AD3}
	EndGlobalSection
EndGlobal
